
Microsoft Visual Studio Solution File, Format Version 12.00
# Visual Studio Version 17
VisualStudioVersion = 17.4.33110.190
MinimumVisualStudioVersion = 10.0.40219.1
Project("{FAE04EC0-301F-11D3-BF4B-00C04F79EFBC}") = "MetotOdev", "MetotOdev\MetotOdev.csproj", "{AC6E22C6-227E-4E04-818A-C3F86663B51D}"
EndProject
Global
	GlobalSection(SolutionConfigurationPlatforms) = preSolution
		Debug|Any CPU = Debug|Any CPU
		Release|Any CPU = Release|Any CPU
	EndGlobalSection
	GlobalSection(ProjectConfigurationPlatforms) = postSolution
		{AC6E22C6-227E-4E04-818A-C3F86663B51D}.Debug|Any CPU.ActiveCfg = Debug|Any CPU
		{AC6E22C6-227E-4E04-818A-C3F86663B51D}.Debug|Any CPU.Build.0 = Debug|Any CPU
		{AC6E22C6-227E-4E04-818A-C3F86663B51D}.Release|Any CPU.ActiveCfg = Release|Any CPU
		{AC6E22C6-227E-4E04-818A-C3F86663B51D}.Release|Any CPU.Build.0 = Release|Any CPU
	EndGlobalSection
	GlobalSection(SolutionProperties) = preSolution
		HideSolutionNode = FALSE
	EndGlobalSection
	GlobalSection(ExtensibilityGlobals) = postSolution
		SolutionGuid = {D7A8828A-60EC-442A-A4D4-6E0887680A88}
	EndGlobalSection
EndGlobal
